
Microsoft Visual Studio Solution File, Format Version 12.00
# Visual Studio Version 17
VisualStudioVersion = 17.7.34221.43
MinimumVisualStudioVersion = 10.0.40219.1
Project("{9A19103F-16F7-4668-BE54-9A1E7A4F7556}") = "BravoStar", "BravoStar\BravoStar.csproj", "{65861490-7F0B-44A2-A6C8-1D178632090D}"
EndProject
Project("{2150E333-8FDC-42A3-9474-1A3956D46DE8}") = "Applications", "Applications", "{B9881D35-F5AF-47DE-B572-AA3825C960CD}"
EndProject
Project("{9A19103F-16F7-4668-BE54-9A1E7A4F7556}") = "Domain", "Domain\Domain.csproj", "{FED17B3A-32A1-40F7-BD2A-7F0421A663A2}"
EndProject
Project("{9A19103F-16F7-4668-BE54-9A1E7A4F7556}") = "Infrastructure", "Infrastructure\Infrastructure.csproj", "{2EF4EE95-1878-4446-9A4E-06E2B95300A8}"
EndProject
Project("{9A19103F-16F7-4668-BE54-9A1E7A4F7556}") = "ApplicationUserDetails", "ApplicationUserDetails\ApplicationUserDetails.csproj", "{B14AA70C-E48E-4AA6-BC89-4E3A3FD2498A}"
EndProject
Project("{9A19103F-16F7-4668-BE54-9A1E7A4F7556}") = "ProjectDetails", "ProjectDetails\ProjectDetails.csproj", "{9C09A9FF-1A37-487F-8E2F-A696BB28E97F}"
EndProject
Project("{9A19103F-16F7-4668-BE54-9A1E7A4F7556}") = "Common", "Common\Common.csproj", "{3E39B113-9390-4B10-B4A5-2B20582BD54B}"
EndProject
Project("{9A19103F-16F7-4668-BE54-9A1E7A4F7556}") = "BravoStar.AdminPanel", "BravoStar.AdminPanel\BravoStar.AdminPanel.csproj", "{ADD7C815-D956-4E38-9154-4C75CAD5FCEE}"
EndProject
Project("{FAE04EC0-301F-11D3-BF4B-00C04F79EFBC}") = "AppUserNominationDetails", "AppUserNominationDetails\AppUserNominationDetails.csproj", "{4EE98690-5175-412F-B2B2-4E1BF28C4879}"
EndProject
Global
	GlobalSection(SolutionConfigurationPlatforms) = preSolution
		Debug|Any CPU = Debug|Any CPU
		Release|Any CPU = Release|Any CPU
	EndGlobalSection
	GlobalSection(ProjectConfigurationPlatforms) = postSolution
		{65861490-7F0B-44A2-A6C8-1D178632090D}.Debug|Any CPU.ActiveCfg = Debug|Any CPU
		{65861490-7F0B-44A2-A6C8-1D178632090D}.Debug|Any CPU.Build.0 = Debug|Any CPU
		{65861490-7F0B-44A2-A6C8-1D178632090D}.Release|Any CPU.ActiveCfg = Release|Any CPU
		{65861490-7F0B-44A2-A6C8-1D178632090D}.Release|Any CPU.Build.0 = Release|Any CPU
		{FED17B3A-32A1-40F7-BD2A-7F0421A663A2}.Debug|Any CPU.ActiveCfg = Debug|Any CPU
		{FED17B3A-32A1-40F7-BD2A-7F0421A663A2}.Debug|Any CPU.Build.0 = Debug|Any CPU
		{FED17B3A-32A1-40F7-BD2A-7F0421A663A2}.Release|Any CPU.ActiveCfg = Release|Any CPU
		{FED17B3A-32A1-40F7-BD2A-7F0421A663A2}.Release|Any CPU.Build.0 = Release|Any CPU
		{2EF4EE95-1878-4446-9A4E-06E2B95300A8}.Debug|Any CPU.ActiveCfg = Debug|Any CPU
		{2EF4EE95-1878-4446-9A4E-06E2B95300A8}.Debug|Any CPU.Build.0 = Debug|Any CPU
		{2EF4EE95-1878-4446-9A4E-06E2B95300A8}.Release|Any CPU.ActiveCfg = Release|Any CPU
		{2EF4EE95-1878-4446-9A4E-06E2B95300A8}.Release|Any CPU.Build.0 = Release|Any CPU
		{B14AA70C-E48E-4AA6-BC89-4E3A3FD2498A}.Debug|Any CPU.ActiveCfg = Debug|Any CPU
		{B14AA70C-E48E-4AA6-BC89-4E3A3FD2498A}.Debug|Any CPU.Build.0 = Debug|Any CPU
		{B14AA70C-E48E-4AA6-BC89-4E3A3FD2498A}.Release|Any CPU.ActiveCfg = Release|Any CPU
		{B14AA70C-E48E-4AA6-BC89-4E3A3FD2498A}.Release|Any CPU.Build.0 = Release|Any CPU
		{9C09A9FF-1A37-487F-8E2F-A696BB28E97F}.Debug|Any CPU.ActiveCfg = Debug|Any CPU
		{9C09A9FF-1A37-487F-8E2F-A696BB28E97F}.Debug|Any CPU.Build.0 = Debug|Any CPU
		{9C09A9FF-1A37-487F-8E2F-A696BB28E97F}.Release|Any CPU.ActiveCfg = Release|Any CPU
		{9C09A9FF-1A37-487F-8E2F-A696BB28E97F}.Release|Any CPU.Build.0 = Release|Any CPU
		{3E39B113-9390-4B10-B4A5-2B20582BD54B}.Debug|Any CPU.ActiveCfg = Debug|Any CPU
		{3E39B113-9390-4B10-B4A5-2B20582BD54B}.Debug|Any CPU.Build.0 = Debug|Any CPU
		{3E39B113-9390-4B10-B4A5-2B20582BD54B}.Release|Any CPU.ActiveCfg = Release|Any CPU
		{3E39B113-9390-4B10-B4A5-2B20582BD54B}.Release|Any CPU.Build.0 = Release|Any CPU
		{ADD7C815-D956-4E38-9154-4C75CAD5FCEE}.Debug|Any CPU.ActiveCfg = Debug|Any CPU
		{ADD7C815-D956-4E38-9154-4C75CAD5FCEE}.Debug|Any CPU.Build.0 = Debug|Any CPU
		{ADD7C815-D956-4E38-9154-4C75CAD5FCEE}.Release|Any CPU.ActiveCfg = Release|Any CPU
		{ADD7C815-D956-4E38-9154-4C75CAD5FCEE}.Release|Any CPU.Build.0 = Release|Any CPU
		{4EE98690-5175-412F-B2B2-4E1BF28C4879}.Debug|Any CPU.ActiveCfg = Debug|Any CPU
		{4EE98690-5175-412F-B2B2-4E1BF28C4879}.Debug|Any CPU.Build.0 = Debug|Any CPU
		{4EE98690-5175-412F-B2B2-4E1BF28C4879}.Release|Any CPU.ActiveCfg = Release|Any CPU
		{4EE98690-5175-412F-B2B2-4E1BF28C4879}.Release|Any CPU.Build.0 = Release|Any CPU
	EndGlobalSection
	GlobalSection(SolutionProperties) = preSolution
		HideSolutionNode = FALSE
	EndGlobalSection
	GlobalSection(NestedProjects) = preSolution
		{B14AA70C-E48E-4AA6-BC89-4E3A3FD2498A} = {B9881D35-F5AF-47DE-B572-AA3825C960CD}
		{9C09A9FF-1A37-487F-8E2F-A696BB28E97F} = {B9881D35-F5AF-47DE-B572-AA3825C960CD}
		{3E39B113-9390-4B10-B4A5-2B20582BD54B} = {B9881D35-F5AF-47DE-B572-AA3825C960CD}
		{4EE98690-5175-412F-B2B2-4E1BF28C4879} = {B9881D35-F5AF-47DE-B572-AA3825C960CD}
	EndGlobalSection
	GlobalSection(ExtensibilityGlobals) = postSolution
		SolutionGuid = {E4AF46CB-4B5E-4B98-9395-61B201DB132C}
	EndGlobalSection
EndGlobal
